
Microsoft Visual Studio Solution File, Format Version 12.00
# Visual Studio Version 16
VisualStudioVersion = 16.0.31321.278
MinimumVisualStudioVersion = 10.0.40219.1
Project("{F184B08F-C81C-45F6-A57F-5ABD9991F28F}") = "EmailDoc-Formatting-Macro", "EmailDoc-Formatting-Macro\EmailDoc-Formatting-Macro.vbproj", "{F880B17E-B83F-4D60-9B59-E56E906745C6}"
EndProject
Global
	GlobalSection(SolutionConfigurationPlatforms) = preSolution
		Debug|Any CPU = Debug|Any CPU
		Release|Any CPU = Release|Any CPU
	EndGlobalSection
	GlobalSection(ProjectConfigurationPlatforms) = postSolution
		{F880B17E-B83F-4D60-9B59-E56E906745C6}.Debug|Any CPU.ActiveCfg = Debug|Any CPU
		{F880B17E-B83F-4D60-9B59-E56E906745C6}.Debug|Any CPU.Build.0 = Debug|Any CPU
		{F880B17E-B83F-4D60-9B59-E56E906745C6}.Release|Any CPU.ActiveCfg = Release|Any CPU
		{F880B17E-B83F-4D60-9B59-E56E906745C6}.Release|Any CPU.Build.0 = Release|Any CPU
	EndGlobalSection
	GlobalSection(SolutionProperties) = preSolution
		HideSolutionNode = FALSE
	EndGlobalSection
	GlobalSection(ExtensibilityGlobals) = postSolution
		SolutionGuid = {60CEFADD-4543-4F53-B90F-06EBE65A8BB0}
	EndGlobalSection
EndGlobal
